
Microsoft Visual Studio Solution File, Format Version 12.00
# Visual Studio Version 16
VisualStudioVersion = 16.0.30907.101
MinimumVisualStudioVersion = 10.0.40219.1
Project("{FAE04EC0-301F-11D3-BF4B-00C04F79EFBC}") = "AMKWrapper", "AMKWrapper\AMKWrapper.csproj", "{DB7C72DB-639B-467F-BFF7-8D9879F4B621}"
EndProject
Project("{FAE04EC0-301F-11D3-BF4B-00C04F79EFBC}") = "TestApp", "TestApp\TestApp.csproj", "{44EB569C-1725-41E5-81E5-A766F006A2CA}"
EndProject
Global
	GlobalSection(SolutionConfigurationPlatforms) = preSolution
		Debug|Any CPU = Debug|Any CPU
		Release|Any CPU = Release|Any CPU
	EndGlobalSection
	GlobalSection(ProjectConfigurationPlatforms) = postSolution
		{DB7C72DB-639B-467F-BFF7-8D9879F4B621}.Debug|Any CPU.ActiveCfg = Debug|Any CPU
		{DB7C72DB-639B-467F-BFF7-8D9879F4B621}.Debug|Any CPU.Build.0 = Debug|Any CPU
		{DB7C72DB-639B-467F-BFF7-8D9879F4B621}.Release|Any CPU.ActiveCfg = Release|Any CPU
		{DB7C72DB-639B-467F-BFF7-8D9879F4B621}.Release|Any CPU.Build.0 = Release|Any CPU
		{44EB569C-1725-41E5-81E5-A766F006A2CA}.Debug|Any CPU.ActiveCfg = Debug|Any CPU
		{44EB569C-1725-41E5-81E5-A766F006A2CA}.Debug|Any CPU.Build.0 = Debug|Any CPU
		{44EB569C-1725-41E5-81E5-A766F006A2CA}.Release|Any CPU.ActiveCfg = Release|Any CPU
		{44EB569C-1725-41E5-81E5-A766F006A2CA}.Release|Any CPU.Build.0 = Release|Any CPU
	EndGlobalSection
	GlobalSection(SolutionProperties) = preSolution
		HideSolutionNode = FALSE
	EndGlobalSection
	GlobalSection(ExtensibilityGlobals) = postSolution
		SolutionGuid = {A166C460-3385-4BFF-A1F6-B12E9B940759}
	EndGlobalSection
EndGlobal
